<?xml version="1.0" encoding="utf-8"?>
<Project ToolsVersion="4.0" xmlns="http://schemas.microsoft.com/developer/msbuild/2003">
  <ItemGroup>
    <Filter Include="ソース ファイル">
      <UniqueIdentifier>{4FC737F1-C7A5-4376-A066-2A32D752A2FF}</UniqueIdentifier>
      <Extensions>cpp;c;cc;cxx;c++;def;odl;idl;hpj;bat;asm;asmx</Extensions>
    </Filter>
    <Filter Include="ヘッダー ファイル">
      <UniqueIdentifier>{93995380-89BD-4b04-88EB-625FBE52EBFB}</UniqueIdentifier>
      <Extensions>h;hh;hpp;hxx;h++;hm;inl;inc;ipp;xsd</Extensions>
    </Filter>
    <Filter Include="リソース ファイル">
      <UniqueIdentifier>{67DA6AB6-F800-4c08-8B7A-83BB121AAD01}</UniqueIdentifier>
      <Extensions>rc;ico;cur;bmp;dlg;rc2;rct;bin;rgs;gif;jpg;jpeg;jpe;resx;tiff;tif;png;wav;mfcribbon-ms</Extensions>
    </Filter>
    <Filter Include="シェーダー">
      <UniqueIdentifier>{999b8f8b-7262-49e8-999d-1e2d08bc3d24}</UniqueIdentifier>
    </Filter>
    <Filter Include="ソース ファイル\ex">
      <UniqueIdentifier>{7d25b78b-ffa1-48be-874c-78482548f970}</UniqueIdentifier>
    </Filter>
    <Filter Include="ヘッダー ファイル\ex">
      <UniqueIdentifier>{1d1be8e6-1547-47af-a6fa-2892dc5abe62}</UniqueIdentifier>
    </Filter>
    <Filter Include="ソース ファイル\ex\thread">
      <UniqueIdentifier>{d9928b16-6b7b-4dc2-8e55-b3784fe58017}</UniqueIdentifier>
    </Filter>
    <Filter Include="ヘッダー ファイル\ex\thread">
      <UniqueIdentifier>{4cd62a39-32e3-48e5-8048-9782d57d0571}</UniqueIdentifier>
    </Filter>
    <Filter Include="ヘッダー ファイル\ex\container">
      <UniqueIdentifier>{4bb55dd7-c78c-47bf-8750-e1bf016d3244}</UniqueIdentifier>
    </Filter>
    <Filter Include="ソース ファイル\ex\container">
      <UniqueIdentifier>{feb1830c-677c-4b28-b8d0-f7954352c64b}</UniqueIdentifier>
    </Filter>
    <Filter Include="ソース ファイル\ex\shader">
      <UniqueIdentifier>{6b2dba98-f2af-4c27-9593-b3ca86e64b7b}</UniqueIdentifier>
    </Filter>
    <Filter Include="ヘッダー ファイル\ex\shader">
      <UniqueIdentifier>{8c825297-4e3f-4d58-ba97-86eed46d106b}</UniqueIdentifier>
    </Filter>
    <Filter Include="ソース ファイル\ex\converter">
      <UniqueIdentifier>{d2a260ea-636e-451e-9b50-0a7e670df129}</UniqueIdentifier>
    </Filter>
    <Filter Include="ヘッダー ファイル\ex\converter">
      <UniqueIdentifier>{40ec7330-8256-47ba-a606-43637fe834c5}</UniqueIdentifier>
    </Filter>
  </ItemGroup>
  <ItemGroup>
    <ClInclude Include="inc\window.h">
      <Filter>ヘッダー ファイル</Filter>
    </ClInclude>
    <ClInclude Include="inc\framework.h">
      <Filter>ヘッダー ファイル</Filter>
    </ClInclude>
    <ClInclude Include="inc\common.h">
      <Filter>ヘッダー ファイル</Filter>
    </ClInclude>
    <ClInclude Include="inc\graphic.h">
      <Filter>ヘッダー ファイル</Filter>
    </ClInclude>
    <ClInclude Include="inc\stb_image_reader.h">
      <Filter>ヘッダー ファイル</Filter>
    </ClInclude>
    <ClInclude Include="inc\rand.h">
      <Filter>ヘッダー ファイル</Filter>
    </ClInclude>
    <ClInclude Include="inc\input.h">
      <Filter>ヘッダー ファイル</Filter>
    </ClInclude>
    <ClInclude Include="inc\VECTOR2.h">
      <Filter>ヘッダー ファイル</Filter>
    </ClInclude>
    <ClInclude Include="inc\mathUtil.h">
      <Filter>ヘッダー ファイル</Filter>
    </ClInclude>
    <ClInclude Include="inc\MATRIX.h">
      <Filter>ヘッダー ファイル</Filter>
    </ClInclude>
    <ClInclude Include="inc\libOne.h">
      <Filter>ヘッダー ファイル</Filter>
    </ClInclude>
    <ClInclude Include="inc\let.h">
      <Filter>ヘッダー ファイル</Filter>
    </ClInclude>
    <ClInclude Include="inc\package.h">
      <Filter>ヘッダー ファイル</Filter>
    </ClInclude>
    <ClInclude Include="inc\sound.h">
      <Filter>ヘッダー ファイル</Filter>
    </ClInclude>
    <ClInclude Include="inc\FILE_BUFFER.h">
      <Filter>ヘッダー ファイル</Filter>
    </ClInclude>
    <ClInclude Include="inc\DATA_ELEM.h">
      <Filter>ヘッダー ファイル</Filter>
    </ClInclude>
    <ClInclude Include="inc\DATABASE.h">
      <Filter>ヘッダー ファイル</Filter>
    </ClInclude>
    <ClInclude Include="inc\COLOR.h">
      <Filter>ヘッダー ファイル</Filter>
    </ClInclude>
    <ClInclude Include="inc\VECTOR.h">
      <Filter>ヘッダー ファイル</Filter>
    </ClInclude>
    <ClInclude Include="inc\NAME.h">
      <Filter>ヘッダー ファイル</Filter>
    </ClInclude>
    <ClInclude Include="inc\Thread\THREAD_MANAGER.h">
      <Filter>ヘッダー ファイル\ex\thread</Filter>
    </ClInclude>
    <ClInclude Include="inc\Thread\THREAD_MANAGER_IMPL.h">
      <Filter>ヘッダー ファイル\ex\thread</Filter>
    </ClInclude>
    <ClInclude Include="inc\Thread\EVENT.h">
      <Filter>ヘッダー ファイル\ex\thread</Filter>
    </ClInclude>
    <ClInclude Include="inc\Thread\LOADER.h">
      <Filter>ヘッダー ファイル\ex\thread</Filter>
    </ClInclude>
    <ClInclude Include="inc\Thread\MUTEX.h">
      <Filter>ヘッダー ファイル\ex\thread</Filter>
    </ClInclude>
    <ClInclude Include="inc\Thread\ReferenceType.h">
      <Filter>ヘッダー ファイル\ex\thread</Filter>
    </ClInclude>
    <ClInclude Include="inc\Thread\ReferenceTypeTemplate.h">
      <Filter>ヘッダー ファイル\ex\thread</Filter>
    </ClInclude>
    <ClInclude Include="inc\Thread\SEMAPHORE.h">
      <Filter>ヘッダー ファイル\ex\thread</Filter>
    </ClInclude>
    <ClInclude Include="inc\Thread\THREAD.h">
      <Filter>ヘッダー ファイル\ex\thread</Filter>
    </ClInclude>
    <ClInclude Include="inc\CONTAINER\ANIMATION.h">
      <Filter>ヘッダー ファイル\ex\container</Filter>
    </ClInclude>
    <ClInclude Include="inc\CONTAINER\ANIMATION_NODE.h">
      <Filter>ヘッダー ファイル\ex\container</Filter>
    </ClInclude>
    <ClInclude Include="inc\CONTAINER\BATCH.h">
      <Filter>ヘッダー ファイル\ex\container</Filter>
    </ClInclude>
    <ClInclude Include="inc\CONTAINER\CONTAINER.h">
      <Filter>ヘッダー ファイル\ex\container</Filter>
    </ClInclude>
    <ClInclude Include="inc\CONTAINER\CURVE.h">
      <Filter>ヘッダー ファイル\ex\container</Filter>
    </ClInclude>
    <ClInclude Include="inc\CONTAINER\DATA.h">
      <Filter>ヘッダー ファイル\ex\container</Filter>
    </ClInclude>
    <ClInclude Include="inc\CONTAINER\INDEX_BUFFER.h">
      <Filter>ヘッダー ファイル\ex\container</Filter>
    </ClInclude>
    <ClInclude Include="inc\CONTAINER\NODE.h">
      <Filter>ヘッダー ファイル\ex\container</Filter>
    </ClInclude>
    <ClInclude Include="inc\CONTAINER\NODE_ORIGIN.h">
      <Filter>ヘッダー ファイル\ex\container</Filter>
    </ClInclude>
    <ClInclude Include="inc\CONTAINER\TEXTURE.h">
      <Filter>ヘッダー ファイル\ex\container</Filter>
    </ClInclude>
    <ClInclude Include="inc\CONTAINER\TREE.h">
      <Filter>ヘッダー ファイル\ex\container</Filter>
    </ClInclude>
    <ClInclude Include="inc\CONTAINER\TREE_ORIGIN.h">
      <Filter>ヘッダー ファイル\ex\container</Filter>
    </ClInclude>
    <ClInclude Include="inc\CONTAINER\VERTEX_BUFFER.h">
      <Filter>ヘッダー ファイル\ex\container</Filter>
    </ClInclude>
    <ClInclude Include="inc\CONTAINER\VERTEX_FORMATS.h">
      <Filter>ヘッダー ファイル\ex\container</Filter>
    </ClInclude>
    <ClInclude Include="inc\SHADER\SHADER.h">
      <Filter>ヘッダー ファイル\ex\shader</Filter>
    </ClInclude>
    <ClInclude Include="inc\SHADER\LAMBERT.h">
      <Filter>ヘッダー ファイル\ex\shader</Filter>
    </ClInclude>
    <ClInclude Include="inc\WSTR.h">
      <Filter>ヘッダー ファイル</Filter>
    </ClInclude>
    <ClInclude Include="inc\QUATERNION.h">
      <Filter>ヘッダー ファイル</Filter>
    </ClInclude>
    <ClInclude Include="inc\CONVERTER\fileUtil.h">
      <Filter>ソース ファイル\ex\converter</Filter>
    </ClInclude>
    <ClInclude Include="inc\CONVERTER\CONVERT_MA.h">
      <Filter>ソース ファイル\ex\converter</Filter>
    </ClInclude>
    <ClInclude Include="inc\CONVERTER\convertUtil.h">
      <Filter>ソース ファイル\ex\converter</Filter>
    </ClInclude>
    <ClInclude Include="inc\CONVERTER\fbxCommon.h">
      <Filter>ソース ファイル\ex\converter</Filter>
    </ClInclude>
  </ItemGroup>
  <ItemGroup>
    <ClCompile Include="src\window.cpp">
      <Filter>ソース ファイル</Filter>
    </ClCompile>
    <ClCompile Include="src\framework.cpp">
      <Filter>ソース ファイル</Filter>
    </ClCompile>
    <ClCompile Include="src\graphic.cpp">
      <Filter>ソース ファイル</Filter>
    </ClCompile>
    <ClCompile Include="src\stb_image_reader.cpp">
      <Filter>ソース ファイル</Filter>
    </ClCompile>
    <ClCompile Include="src\rand.cpp">
      <Filter>ソース ファイル</Filter>
    </ClCompile>
    <ClCompile Include="src\input.cpp">
      <Filter>ソース ファイル</Filter>
    </ClCompile>
    <ClCompile Include="src\VECTOR2.cpp">
      <Filter>ソース ファイル</Filter>
    </ClCompile>
    <ClCompile Include="src\mathUtil.cpp">
      <Filter>ソース ファイル</Filter>
    </ClCompile>
    <ClCompile Include="src\MATRIX.cpp">
      <Filter>ソース ファイル</Filter>
    </ClCompile>
    <ClCompile Include="src\let.cpp">
      <Filter>ソース ファイル</Filter>
    </ClCompile>
    <ClCompile Include="src\package.cpp">
      <Filter>ソース ファイル</Filter>
    </ClCompile>
    <ClCompile Include="src\sound.cpp">
      <Filter>ソース ファイル</Filter>
    </ClCompile>
    <ClCompile Include="src\DATA_ELEM.cpp">
      <Filter>ソース ファイル</Filter>
    </ClCompile>
    <ClCompile Include="src\DATABASE.cpp">
      <Filter>ソース ファイル</Filter>
    </ClCompile>
    <ClCompile Include="src\FILE_BUFFER.cpp">
      <Filter>ソース ファイル</Filter>
    </ClCompile>
    <ClCompile Include="src\COLOR.cpp">
      <Filter>ソース ファイル</Filter>
    </ClCompile>
    <ClCompile Include="src\VECTOR.cpp">
      <Filter>ソース ファイル</Filter>
    </ClCompile>
    <ClCompile Include="src\Thread\EVENT.cpp">
      <Filter>ソース ファイル\ex\thread</Filter>
    </ClCompile>
    <ClCompile Include="src\Thread\LOADER.cpp">
      <Filter>ソース ファイル\ex\thread</Filter>
    </ClCompile>
    <ClCompile Include="src\Thread\MUTEX.cpp">
      <Filter>ソース ファイル\ex\thread</Filter>
    </ClCompile>
    <ClCompile Include="src\Thread\SEMAPHORE.cpp">
      <Filter>ソース ファイル\ex\thread</Filter>
    </ClCompile>
    <ClCompile Include="src\Thread\THREAD.cpp">
      <Filter>ソース ファイル\ex\thread</Filter>
    </ClCompile>
    <ClCompile Include="src\Thread\THREAD_MANAGER.cpp">
      <Filter>ソース ファイル\ex\thread</Filter>
    </ClCompile>
    <ClCompile Include="src\CONTAINER\VERTEX_BUFFER.cpp">
      <Filter>ソース ファイル\ex\container</Filter>
    </ClCompile>
    <ClCompile Include="src\CONTAINER\ANIMATION.cpp">
      <Filter>ソース ファイル\ex\container</Filter>
    </ClCompile>
    <ClCompile Include="src\CONTAINER\ANIMATION_NODE.cpp">
      <Filter>ソース ファイル\ex\container</Filter>
    </ClCompile>
    <ClCompile Include="src\CONTAINER\BATCH.cpp">
      <Filter>ソース ファイル\ex\container</Filter>
    </ClCompile>
    <ClCompile Include="src\CONTAINER\CONTAINER.cpp">
      <Filter>ソース ファイル\ex\container</Filter>
    </ClCompile>
    <ClCompile Include="src\CONTAINER\CURVE.cpp">
      <Filter>ソース ファイル\ex\container</Filter>
    </ClCompile>
    <ClCompile Include="src\CONTAINER\DATA.cpp">
      <Filter>ソース ファイル\ex\container</Filter>
    </ClCompile>
    <ClCompile Include="src\CONTAINER\INDEX_BUFFER.cpp">
      <Filter>ソース ファイル\ex\container</Filter>
    </ClCompile>
    <ClCompile Include="src\CONTAINER\NODE.cpp">
      <Filter>ソース ファイル\ex\container</Filter>
    </ClCompile>
    <ClCompile Include="src\CONTAINER\NODE_ORIGIN.cpp">
      <Filter>ソース ファイル\ex\container</Filter>
    </ClCompile>
    <ClCompile Include="src\CONTAINER\TEXTURE.cpp">
      <Filter>ソース ファイル\ex\container</Filter>
    </ClCompile>
    <ClCompile Include="src\CONTAINER\TREE.cpp">
      <Filter>ソース ファイル\ex\container</Filter>
    </ClCompile>
    <ClCompile Include="src\CONTAINER\TREE_ORIGIN.cpp">
      <Filter>ソース ファイル\ex\container</Filter>
    </ClCompile>
    <ClCompile Include="src\SHADER\LAMBERT.cpp">
      <Filter>ソース ファイル\ex\shader</Filter>
    </ClCompile>
    <ClCompile Include="src\NAME.cpp">
      <Filter>ソース ファイル</Filter>
    </ClCompile>
    <ClCompile Include="src\common.cpp">
      <Filter>ソース ファイル</Filter>
    </ClCompile>
    <ClCompile Include="src\WSTR.cpp">
      <Filter>ソース ファイル</Filter>
    </ClCompile>
    <ClCompile Include="src\CONVERTER\CONVERT_MA.cpp">
      <Filter>ヘッダー ファイル\ex\converter</Filter>
    </ClCompile>
    <ClCompile Include="src\CONVERTER\convertUtil.cpp">
      <Filter>ヘッダー ファイル\ex\converter</Filter>
    </ClCompile>
    <ClCompile Include="src\CONVERTER\fbxCommon.cpp">
      <Filter>ヘッダー ファイル\ex\converter</Filter>
    </ClCompile>
    <ClCompile Include="src\CONVERTER\fileUtil.cpp">
      <Filter>ヘッダー ファイル\ex\converter</Filter>
    </ClCompile>
  </ItemGroup>
  <ItemGroup>
    <FxCompile Include="shader\ImagePixelShader.hlsl">
      <Filter>シェーダー</Filter>
    </FxCompile>
    <FxCompile Include="shader\ImageVertexShader.hlsl">
      <Filter>シェーダー</Filter>
    </FxCompile>
    <FxCompile Include="shader\ShapePixelShader.hlsl">
      <Filter>シェーダー</Filter>
    </FxCompile>
    <FxCompile Include="shader\ShapeVertexShader.hlsl">
      <Filter>シェーダー</Filter>
    </FxCompile>
    <FxCompile Include="shader\TrianglePixelShader.hlsl">
      <Filter>シェーダー</Filter>
    </FxCompile>
    <FxCompile Include="shader\TriangleVertexShader.hlsl">
      <Filter>シェーダー</Filter>
    </FxCompile>
    <FxCompile Include="shader\LambertVS.hlsl">
      <Filter>シェーダー</Filter>
    </FxCompile>
    <FxCompile Include="shader\LambertPS.hlsl">
      <Filter>シェーダー</Filter>
    </FxCompile>
    <FxCompile Include="shader\LambertSkinVS.hlsl">
      <Filter>シェーダー</Filter>
    </FxCompile>
  </ItemGroup>
  <ItemGroup>
    <None Include="shader\LambertCB.hlsli">
      <Filter>シェーダー</Filter>
    </None>
  </ItemGroup>
</Project>